
Microsoft Visual Studio Solution File, Format Version 12.00
# Visual Studio Version 17
VisualStudioVersion = 17.8.34330.188
MinimumVisualStudioVersion = 10.0.40219.1
Project("{FAE04EC0-301F-11D3-BF4B-00C04F79EFBC}") = "Timespinner Calculator", "Timespinner Calculator.csproj", "{5B073D1C-B77B-43A8-818A-29BC318F6FBB}"
EndProject
Global
	GlobalSection(SolutionConfigurationPlatforms) = preSolution
		Debug|Any CPU = Debug|Any CPU
		Release|Any CPU = Release|Any CPU
	EndGlobalSection
	GlobalSection(ProjectConfigurationPlatforms) = postSolution
		{5B073D1C-B77B-43A8-818A-29BC318F6FBB}.Debug|Any CPU.ActiveCfg = Debug|Any CPU
		{5B073D1C-B77B-43A8-818A-29BC318F6FBB}.Debug|Any CPU.Build.0 = Debug|Any CPU
		{5B073D1C-B77B-43A8-818A-29BC318F6FBB}.Release|Any CPU.ActiveCfg = Release|Any CPU
		{5B073D1C-B77B-43A8-818A-29BC318F6FBB}.Release|Any CPU.Build.0 = Release|Any CPU
	EndGlobalSection
	GlobalSection(SolutionProperties) = preSolution
		HideSolutionNode = FALSE
	EndGlobalSection
	GlobalSection(ExtensibilityGlobals) = postSolution
		SolutionGuid = {66028FA9-CBEB-4C11-8DAE-9A3AE56B1ADE}
	EndGlobalSection
EndGlobal
